{
  "name": "protocore-testing",
  "version": "1.0.0",
  "lockfileVersion": 1,
  "requires": true,
  "dependencies": {
    "protocore": {
      "version": "1.2.1",
      "resolved": "https://registry.npmjs.org/protocore/-/protocore-1.2.1.tgz",
      "integrity": "sha512-2DW963YuZGgym4Sniv0M6v+4OL13ve3kqIVw1j+bTPfBBSQDxRmiGpKD8oURnCh+ZYWJe356ngi6/sQ5Y7yYyg=="
    }
  }
}
